// !$*UTF8*$!
{
	archiveVersion = 1;
	classes = {
	};
	objectVersion = 50;
	objects = {

/* Begin PBXBuildFile section */
		B415C7B025B98BDD00FAC7AA /* UltimatePortfolioApp.swift in Sources */ = {isa = PBXBuildFile; fileRef = B415C7AF25B98BDD00FAC7AA /* UltimatePortfolioApp.swift */; };
		B415C7B225B98BDD00FAC7AA /* ContentView.swift in Sources */ = {isa = PBXBuildFile; fileRef = B415C7B125B98BDD00FAC7AA /* ContentView.swift */; };
		B415C7B425B98BDF00FAC7AA /* Assets.xcassets in Resources */ = {isa = PBXBuildFile; fileRef = B415C7B325B98BDF00FAC7AA /* Assets.xcassets */; };
		B415C7B725B98BDF00FAC7AA /* Preview Assets.xcassets in Resources */ = {isa = PBXBuildFile; fileRef = B415C7B625B98BDF00FAC7AA /* Preview Assets.xcassets */; };
		B415C7C125B98F7000FAC7AA /* Main.xcdatamodeld in Sources */ = {isa = PBXBuildFile; fileRef = B415C7BF25B98F7000FAC7AA /* Main.xcdatamodeld */; };
		B415C7C425B9924500FAC7AA /* DataController.swift in Sources */ = {isa = PBXBuildFile; fileRef = B415C7C325B9924500FAC7AA /* DataController.swift */; };
		B415C7CB25B998ED00FAC7AA /* CloudKit.framework in Frameworks */ = {isa = PBXBuildFile; fileRef = B415C7CA25B998ED00FAC7AA /* CloudKit.framework */; };
		B415C7CD25B9A37200FAC7AA /* HomeView.swift in Sources */ = {isa = PBXBuildFile; fileRef = B415C7CC25B9A37200FAC7AA /* HomeView.swift */; };
		B415C7D025B9A3F600FAC7AA /* ProjectsView.swift in Sources */ = {isa = PBXBuildFile; fileRef = B415C7CF25B9A3F600FAC7AA /* ProjectsView.swift */; };
		B45BD6D025B9ACE500611FE3 /* Item-CoreDataHelpers.swift in Sources */ = {isa = PBXBuildFile; fileRef = B45BD6CF25B9ACE500611FE3 /* Item-CoreDataHelpers.swift */; };
		B45BD6D325B9AD4E00611FE3 /* Project-CoreDataHelpers.swift in Sources */ = {isa = PBXBuildFile; fileRef = B45BD6D225B9AD4E00611FE3 /* Project-CoreDataHelpers.swift */; };
		B45BD6D725B9B78300611FE3 /* EditItemView.swift in Sources */ = {isa = PBXBuildFile; fileRef = B45BD6D625B9B78200611FE3 /* EditItemView.swift */; };
		B45BD6DA25B9BB5200611FE3 /* ItemRowView.swift in Sources */ = {isa = PBXBuildFile; fileRef = B45BD6D925B9BB5200611FE3 /* ItemRowView.swift */; };
		B4755C8125C026F5007DBEB1 /* Awards.json in Resources */ = {isa = PBXBuildFile; fileRef = B4755C8325C026F5007DBEB1 /* Awards.json */; };
		B4755C8525C026F8007DBEB1 /* Localizable.strings in Resources */ = {isa = PBXBuildFile; fileRef = B4755C8725C026F8007DBEB1 /* Localizable.strings */; };
		B4755C8925C026FB007DBEB1 /* Localizable.stringsdict in Resources */ = {isa = PBXBuildFile; fileRef = B4755C8B25C026FB007DBEB1 /* Localizable.stringsdict */; };
		B4755C9125C03EE8007DBEB1 /* ItemListView.swift in Sources */ = {isa = PBXBuildFile; fileRef = B4755C9025C03EE8007DBEB1 /* ItemListView.swift */; };
		B4755C9425C03FAA007DBEB1 /* ProjectSummaryView.swift in Sources */ = {isa = PBXBuildFile; fileRef = B4755C9325C03FAA007DBEB1 /* ProjectSummaryView.swift */; };
		B489170225BAC5A50072A71B /* Binding-OnChange.swift in Sources */ = {isa = PBXBuildFile; fileRef = B489170125BAC5A50072A71B /* Binding-OnChange.swift */; };
		B489170525BAC92C0072A71B /* ProjectHeaderView.swift in Sources */ = {isa = PBXBuildFile; fileRef = B489170425BAC92C0072A71B /* ProjectHeaderView.swift */; };
		B489170825BACBC70072A71B /* Colors.xcassets in Resources */ = {isa = PBXBuildFile; fileRef = B489170725BACBC70072A71B /* Colors.xcassets */; };
		B489170B25BACF9B0072A71B /* EditProjectView.swift in Sources */ = {isa = PBXBuildFile; fileRef = B489170A25BACF9B0072A71B /* EditProjectView.swift */; };
		B489170E25BB001E0072A71B /* SequenceSorting.swift in Sources */ = {isa = PBXBuildFile; fileRef = B489170D25BB001E0072A71B /* SequenceSorting.swift */; };
		B489171125BB101C0072A71B /* SelectSomethingView.swift in Sources */ = {isa = PBXBuildFile; fileRef = B489171025BB101C0072A71B /* SelectSomethingView.swift */; };
		B492DAD425BEBA9200F3A815 /* Bundle-Decodable.swift in Sources */ = {isa = PBXBuildFile; fileRef = B492DAD325BEBA9200F3A815 /* Bundle-Decodable.swift */; };
		B492DADA25BEC0FC00F3A815 /* Award.swift in Sources */ = {isa = PBXBuildFile; fileRef = B492DAD925BEC0FB00F3A815 /* Award.swift */; };
		B492DADD25BEC19000F3A815 /* AwardsView.swift in Sources */ = {isa = PBXBuildFile; fileRef = B492DADC25BEC19000F3A815 /* AwardsView.swift */; };
		B492DAE025BECB5D00F3A815 /* Color-Additions.swift in Sources */ = {isa = PBXBuildFile; fileRef = B492DADF25BECB5D00F3A815 /* Color-Additions.swift */; };
		B4D5524B25C195C700D490BF /* UltimatePortfolioTests.swift in Sources */ = {isa = PBXBuildFile; fileRef = B4D5524A25C195C700D490BF /* UltimatePortfolioTests.swift */; };
		B4D5525525C1975500D490BF /* AssetTests.swift in Sources */ = {isa = PBXBuildFile; fileRef = B4D5525425C1975500D490BF /* AssetTests.swift */; };
		B4D5525B25C199A700D490BF /* ProjectTests.swift in Sources */ = {isa = PBXBuildFile; fileRef = B4D5525A25C199A700D490BF /* ProjectTests.swift */; };
		B4D5525F25C19C3300D490BF /* AwardTest.swift in Sources */ = {isa = PBXBuildFile; fileRef = B4D5525E25C19C3300D490BF /* AwardTest.swift */; };
/* End PBXBuildFile section */

/* Begin PBXContainerItemProxy section */
		B4D5524D25C195C700D490BF /* PBXContainerItemProxy */ = {
			isa = PBXContainerItemProxy;
			containerPortal = B415C7A425B98BDD00FAC7AA /* Project object */;
			proxyType = 1;
			remoteGlobalIDString = B415C7AB25B98BDD00FAC7AA;
			remoteInfo = UltimatePortfolio;
		};
/* End PBXContainerItemProxy section */

/* Begin PBXFileReference section */
		B415C7AC25B98BDD00FAC7AA /* UltimatePortfolio.app */ = {isa = PBXFileReference; explicitFileType = wrapper.application; includeInIndex = 0; path = UltimatePortfolio.app; sourceTree = BUILT_PRODUCTS_DIR; };
		B415C7AF25B98BDD00FAC7AA /* UltimatePortfolioApp.swift */ = {isa = PBXFileReference; lastKnownFileType = sourcecode.swift; path = UltimatePortfolioApp.swift; sourceTree = "<group>"; };
		B415C7B125B98BDD00FAC7AA /* ContentView.swift */ = {isa = PBXFileReference; lastKnownFileType = sourcecode.swift; path = ContentView.swift; sourceTree = "<group>"; };
		B415C7B325B98BDF00FAC7AA /* Assets.xcassets */ = {isa = PBXFileReference; lastKnownFileType = folder.assetcatalog; path = Assets.xcassets; sourceTree = "<group>"; };
		B415C7B625B98BDF00FAC7AA /* Preview Assets.xcassets */ = {isa = PBXFileReference; lastKnownFileType = folder.assetcatalog; path = "Preview Assets.xcassets"; sourceTree = "<group>"; };
		B415C7B825B98BDF00FAC7AA /* Info.plist */ = {isa = PBXFileReference; lastKnownFileType = text.plist.xml; path = Info.plist; sourceTree = "<group>"; };
		B415C7C025B98F7000FAC7AA /* Main.xcdatamodel */ = {isa = PBXFileReference; lastKnownFileType = wrapper.xcdatamodel; path = Main.xcdatamodel; sourceTree = "<group>"; };
		B415C7C325B9924500FAC7AA /* DataController.swift */ = {isa = PBXFileReference; lastKnownFileType = sourcecode.swift; path = DataController.swift; sourceTree = "<group>"; };
		B415C7C725B998CD00FAC7AA /* UltimatePortfolio.entitlements */ = {isa = PBXFileReference; lastKnownFileType = text.plist.entitlements; path = UltimatePortfolio.entitlements; sourceTree = "<group>"; };
		B415C7CA25B998ED00FAC7AA /* CloudKit.framework */ = {isa = PBXFileReference; lastKnownFileType = wrapper.framework; name = CloudKit.framework; path = System/Library/Frameworks/CloudKit.framework; sourceTree = SDKROOT; };
		B415C7CC25B9A37200FAC7AA /* HomeView.swift */ = {isa = PBXFileReference; lastKnownFileType = sourcecode.swift; path = HomeView.swift; sourceTree = "<group>"; };
		B415C7CF25B9A3F600FAC7AA /* ProjectsView.swift */ = {isa = PBXFileReference; lastKnownFileType = sourcecode.swift; path = ProjectsView.swift; sourceTree = "<group>"; };
		B45BD6CF25B9ACE500611FE3 /* Item-CoreDataHelpers.swift */ = {isa = PBXFileReference; lastKnownFileType = sourcecode.swift; path = "Item-CoreDataHelpers.swift"; sourceTree = "<group>"; };
		B45BD6D225B9AD4E00611FE3 /* Project-CoreDataHelpers.swift */ = {isa = PBXFileReference; lastKnownFileType = sourcecode.swift; path = "Project-CoreDataHelpers.swift"; sourceTree = "<group>"; };
		B45BD6D625B9B78200611FE3 /* EditItemView.swift */ = {isa = PBXFileReference; lastKnownFileType = sourcecode.swift; path = EditItemView.swift; sourceTree = "<group>"; };
		B45BD6D925B9BB5200611FE3 /* ItemRowView.swift */ = {isa = PBXFileReference; lastKnownFileType = sourcecode.swift; path = ItemRowView.swift; sourceTree = "<group>"; };
		B4755C8225C026F5007DBEB1 /* en */ = {isa = PBXFileReference; lastKnownFileType = text.json; name = en; path = en.lproj/Awards.json; sourceTree = "<group>"; };
		B4755C8625C026F8007DBEB1 /* en */ = {isa = PBXFileReference; lastKnownFileType = text.plist.strings; name = en; path = en.lproj/Localizable.strings; sourceTree = "<group>"; };
		B4755C8A25C026FB007DBEB1 /* en */ = {isa = PBXFileReference; lastKnownFileType = text.plist.stringsdict; name = en; path = en.lproj/Localizable.stringsdict; sourceTree = "<group>"; };
		B4755C8C25C026FD007DBEB1 /* hu */ = {isa = PBXFileReference; lastKnownFileType = text.plist.stringsdict; name = hu; path = hu.lproj/Localizable.stringsdict; sourceTree = "<group>"; };
		B4755C8D25C0271C007DBEB1 /* hu */ = {isa = PBXFileReference; lastKnownFileType = text.plist.strings; name = hu; path = hu.lproj/Localizable.strings; sourceTree = "<group>"; };
		B4755C8E25C0272E007DBEB1 /* hu */ = {isa = PBXFileReference; lastKnownFileType = text.json; name = hu; path = hu.lproj/Awards.json; sourceTree = "<group>"; };
		B4755C9025C03EE8007DBEB1 /* ItemListView.swift */ = {isa = PBXFileReference; lastKnownFileType = sourcecode.swift; path = ItemListView.swift; sourceTree = "<group>"; };
		B4755C9325C03FAA007DBEB1 /* ProjectSummaryView.swift */ = {isa = PBXFileReference; lastKnownFileType = sourcecode.swift; path = ProjectSummaryView.swift; sourceTree = "<group>"; };
		B489170125BAC5A50072A71B /* Binding-OnChange.swift */ = {isa = PBXFileReference; lastKnownFileType = sourcecode.swift; path = "Binding-OnChange.swift"; sourceTree = "<group>"; };
		B489170425BAC92C0072A71B /* ProjectHeaderView.swift */ = {isa = PBXFileReference; lastKnownFileType = sourcecode.swift; path = ProjectHeaderView.swift; sourceTree = "<group>"; };
		B489170725BACBC70072A71B /* Colors.xcassets */ = {isa = PBXFileReference; lastKnownFileType = folder.assetcatalog; path = Colors.xcassets; sourceTree = "<group>"; };
		B489170A25BACF9B0072A71B /* EditProjectView.swift */ = {isa = PBXFileReference; lastKnownFileType = sourcecode.swift; path = EditProjectView.swift; sourceTree = "<group>"; };
		B489170D25BB001E0072A71B /* SequenceSorting.swift */ = {isa = PBXFileReference; lastKnownFileType = sourcecode.swift; path = SequenceSorting.swift; sourceTree = "<group>"; };
		B489171025BB101C0072A71B /* SelectSomethingView.swift */ = {isa = PBXFileReference; lastKnownFileType = sourcecode.swift; path = SelectSomethingView.swift; sourceTree = "<group>"; };
		B492DAD325BEBA9200F3A815 /* Bundle-Decodable.swift */ = {isa = PBXFileReference; lastKnownFileType = sourcecode.swift; path = "Bundle-Decodable.swift"; sourceTree = "<group>"; };
		B492DAD925BEC0FB00F3A815 /* Award.swift */ = {isa = PBXFileReference; lastKnownFileType = sourcecode.swift; path = Award.swift; sourceTree = "<group>"; };
		B492DADC25BEC19000F3A815 /* AwardsView.swift */ = {isa = PBXFileReference; lastKnownFileType = sourcecode.swift; path = AwardsView.swift; sourceTree = "<group>"; };
		B492DADF25BECB5D00F3A815 /* Color-Additions.swift */ = {isa = PBXFileReference; lastKnownFileType = sourcecode.swift; path = "Color-Additions.swift"; sourceTree = "<group>"; };
		B4D5524825C195C700D490BF /* UltimatePortfolioTests.xctest */ = {isa = PBXFileReference; explicitFileType = wrapper.cfbundle; includeInIndex = 0; path = UltimatePortfolioTests.xctest; sourceTree = BUILT_PRODUCTS_DIR; };
		B4D5524A25C195C700D490BF /* UltimatePortfolioTests.swift */ = {isa = PBXFileReference; lastKnownFileType = sourcecode.swift; path = UltimatePortfolioTests.swift; sourceTree = "<group>"; };
		B4D5524C25C195C700D490BF /* Info.plist */ = {isa = PBXFileReference; lastKnownFileType = text.plist.xml; path = Info.plist; sourceTree = "<group>"; };
		B4D5525425C1975500D490BF /* AssetTests.swift */ = {isa = PBXFileReference; lastKnownFileType = sourcecode.swift; path = AssetTests.swift; sourceTree = "<group>"; };
		B4D5525A25C199A700D490BF /* ProjectTests.swift */ = {isa = PBXFileReference; lastKnownFileType = sourcecode.swift; path = ProjectTests.swift; sourceTree = "<group>"; };
		B4D5525E25C19C3300D490BF /* AwardTest.swift */ = {isa = PBXFileReference; lastKnownFileType = sourcecode.swift; path = AwardTest.swift; sourceTree = "<group>"; };
/* End PBXFileReference section */

/* Begin PBXFrameworksBuildPhase section */
		B415C7A925B98BDD00FAC7AA /* Frameworks */ = {
			isa = PBXFrameworksBuildPhase;
			buildActionMask = 2147483647;
			files = (
				B415C7CB25B998ED00FAC7AA /* CloudKit.framework in Frameworks */,
			);
			runOnlyForDeploymentPostprocessing = 0;
		};
		B4D5524525C195C700D490BF /* Frameworks */ = {
			isa = PBXFrameworksBuildPhase;
			buildActionMask = 2147483647;
			files = (
			);
			runOnlyForDeploymentPostprocessing = 0;
		};
/* End PBXFrameworksBuildPhase section */

/* Begin PBXGroup section */
		B415C7A325B98BDD00FAC7AA = {
			isa = PBXGroup;
			children = (
				B415C7AE25B98BDD00FAC7AA /* UltimatePortfolio */,
				B4D5524925C195C700D490BF /* UltimatePortfolioTests */,
				B415C7AD25B98BDD00FAC7AA /* Products */,
				B415C7C925B998ED00FAC7AA /* Frameworks */,
			);
			sourceTree = "<group>";
		};
		B415C7AD25B98BDD00FAC7AA /* Products */ = {
			isa = PBXGroup;
			children = (
				B415C7AC25B98BDD00FAC7AA /* UltimatePortfolio.app */,
				B4D5524825C195C700D490BF /* UltimatePortfolioTests.xctest */,
			);
			name = Products;
			sourceTree = "<group>";
		};
		B415C7AE25B98BDD00FAC7AA /* UltimatePortfolio */ = {
			isa = PBXGroup;
			children = (
				B4D5523E25C190B100D490BF /* Tabs */,
				B4D5523925C18F3200D490BF /* Configuration */,
				B4D5523825C18F2A00D490BF /* Loaclization */,
				B4D5523725C18F2400D490BF /* Extensions */,
				B415C7AF25B98BDD00FAC7AA /* UltimatePortfolioApp.swift */,
				B415C7C325B9924500FAC7AA /* DataController.swift */,
				B415C7B125B98BDD00FAC7AA /* ContentView.swift */,
				B415C7B325B98BDF00FAC7AA /* Assets.xcassets */,
				B489170725BACBC70072A71B /* Colors.xcassets */,
				B415C7B525B98BDF00FAC7AA /* Preview Content */,
			);
			path = UltimatePortfolio;
			sourceTree = "<group>";
		};
		B415C7B525B98BDF00FAC7AA /* Preview Content */ = {
			isa = PBXGroup;
			children = (
				B415C7B625B98BDF00FAC7AA /* Preview Assets.xcassets */,
			);
			path = "Preview Content";
			sourceTree = "<group>";
		};
		B415C7C925B998ED00FAC7AA /* Frameworks */ = {
			isa = PBXGroup;
			children = (
				B415C7CA25B998ED00FAC7AA /* CloudKit.framework */,
			);
			name = Frameworks;
			sourceTree = "<group>";
		};
		B4D5523725C18F2400D490BF /* Extensions */ = {
			isa = PBXGroup;
			children = (
				B45BD6CF25B9ACE500611FE3 /* Item-CoreDataHelpers.swift */,
				B45BD6D225B9AD4E00611FE3 /* Project-CoreDataHelpers.swift */,
				B489170D25BB001E0072A71B /* SequenceSorting.swift */,
				B492DAD325BEBA9200F3A815 /* Bundle-Decodable.swift */,
				B492DADF25BECB5D00F3A815 /* Color-Additions.swift */,
				B489170125BAC5A50072A71B /* Binding-OnChange.swift */,
			);
			path = Extensions;
			sourceTree = "<group>";
		};
		B4D5523825C18F2A00D490BF /* Loaclization */ = {
			isa = PBXGroup;
			children = (
				B4755C8725C026F8007DBEB1 /* Localizable.strings */,
				B4755C8B25C026FB007DBEB1 /* Localizable.stringsdict */,
			);
			path = Loaclization;
			sourceTree = "<group>";
		};
		B4D5523925C18F3200D490BF /* Configuration */ = {
			isa = PBXGroup;
			children = (
				B415C7B825B98BDF00FAC7AA /* Info.plist */,
				B415C7C725B998CD00FAC7AA /* UltimatePortfolio.entitlements */,
				B415C7BF25B98F7000FAC7AA /* Main.xcdatamodeld */,
			);
			path = Configuration;
			sourceTree = "<group>";
		};
		B4D5523E25C190B100D490BF /* Tabs */ = {
			isa = PBXGroup;
			children = (
				B4D5524025C190C900D490BF /* Home */,
				B4D5524125C190CE00D490BF /* Projects */,
				B4D5523F25C190C200D490BF /* Award */,
			);
			path = Tabs;
			sourceTree = "<group>";
		};
		B4D5523F25C190C200D490BF /* Award */ = {
			isa = PBXGroup;
			children = (
				B492DADC25BEC19000F3A815 /* AwardsView.swift */,
				B492DAD925BEC0FB00F3A815 /* Award.swift */,
				B4755C8325C026F5007DBEB1 /* Awards.json */,
			);
			path = Award;
			sourceTree = "<group>";
		};
		B4D5524025C190C900D490BF /* Home */ = {
			isa = PBXGroup;
			children = (
				B415C7CC25B9A37200FAC7AA /* HomeView.swift */,
				B4755C9025C03EE8007DBEB1 /* ItemListView.swift */,
				B4755C9325C03FAA007DBEB1 /* ProjectSummaryView.swift */,
			);
			path = Home;
			sourceTree = "<group>";
		};
		B4D5524125C190CE00D490BF /* Projects */ = {
			isa = PBXGroup;
			children = (
				B415C7CF25B9A3F600FAC7AA /* ProjectsView.swift */,
				B489170425BAC92C0072A71B /* ProjectHeaderView.swift */,
				B45BD6D925B9BB5200611FE3 /* ItemRowView.swift */,
				B489170A25BACF9B0072A71B /* EditProjectView.swift */,
				B45BD6D625B9B78200611FE3 /* EditItemView.swift */,
				B489171025BB101C0072A71B /* SelectSomethingView.swift */,
			);
			path = Projects;
			sourceTree = "<group>";
		};
		B4D5524925C195C700D490BF /* UltimatePortfolioTests */ = {
			isa = PBXGroup;
			children = (
				B4D5525E25C19C3300D490BF /* AwardTest.swift */,
				B4D5524A25C195C700D490BF /* UltimatePortfolioTests.swift */,
				B4D5525425C1975500D490BF /* AssetTests.swift */,
				B4D5524C25C195C700D490BF /* Info.plist */,
				B4D5525A25C199A700D490BF /* ProjectTests.swift */,
			);
			path = UltimatePortfolioTests;
			sourceTree = "<group>";
		};
/* End PBXGroup section */

/* Begin PBXNativeTarget section */
		B415C7AB25B98BDD00FAC7AA /* UltimatePortfolio */ = {
			isa = PBXNativeTarget;
			buildConfigurationList = B415C7BB25B98BDF00FAC7AA /* Build configuration list for PBXNativeTarget "UltimatePortfolio" */;
			buildPhases = (
				B415C7A825B98BDD00FAC7AA /* Sources */,
				B415C7A925B98BDD00FAC7AA /* Frameworks */,
				B415C7AA25B98BDD00FAC7AA /* Resources */,
				B49E3E4025C0813200A36ED0 /* SwiftLint */,
			);
			buildRules = (
			);
			dependencies = (
			);
			name = UltimatePortfolio;
			productName = UltimatePortfolio;
			productReference = B415C7AC25B98BDD00FAC7AA /* UltimatePortfolio.app */;
			productType = "com.apple.product-type.application";
		};
		B4D5524725C195C700D490BF /* UltimatePortfolioTests */ = {
			isa = PBXNativeTarget;
			buildConfigurationList = B4D5524F25C195C700D490BF /* Build configuration list for PBXNativeTarget "UltimatePortfolioTests" */;
			buildPhases = (
				B4D5524425C195C700D490BF /* Sources */,
				B4D5524525C195C700D490BF /* Frameworks */,
				B4D5524625C195C700D490BF /* Resources */,
			);
			buildRules = (
			);
			dependencies = (
				B4D5524E25C195C700D490BF /* PBXTargetDependency */,
			);
			name = UltimatePortfolioTests;
			productName = UltimatePortfolioTests;
			productReference = B4D5524825C195C700D490BF /* UltimatePortfolioTests.xctest */;
			productType = "com.apple.product-type.bundle.unit-test";
		};
/* End PBXNativeTarget section */

/* Begin PBXProject section */
		B415C7A425B98BDD00FAC7AA /* Project object */ = {
			isa = PBXProject;
			attributes = {
				LastSwiftUpdateCheck = 1230;
				LastUpgradeCheck = 1230;
				TargetAttributes = {
					B415C7AB25B98BDD00FAC7AA = {
						CreatedOnToolsVersion = 12.3;
					};
					B4D5524725C195C700D490BF = {
						CreatedOnToolsVersion = 12.3;
						TestTargetID = B415C7AB25B98BDD00FAC7AA;
					};
				};
			};
			buildConfigurationList = B415C7A725B98BDD00FAC7AA /* Build configuration list for PBXProject "UltimatePortfolio" */;
			compatibilityVersion = "Xcode 9.3";
			developmentRegion = en;
			hasScannedForEncodings = 0;
			knownRegions = (
				en,
				hu,
			);
			mainGroup = B415C7A325B98BDD00FAC7AA;
			productRefGroup = B415C7AD25B98BDD00FAC7AA /* Products */;
			projectDirPath = "";
			projectRoot = "";
			targets = (
				B415C7AB25B98BDD00FAC7AA /* UltimatePortfolio */,
				B4D5524725C195C700D490BF /* UltimatePortfolioTests */,
			);
		};
/* End PBXProject section */

/* Begin PBXResourcesBuildPhase section */
		B415C7AA25B98BDD00FAC7AA /* Resources */ = {
			isa = PBXResourcesBuildPhase;
			buildActionMask = 2147483647;
			files = (
				B4755C8525C026F8007DBEB1 /* Localizable.strings in Resources */,
				B4755C8125C026F5007DBEB1 /* Awards.json in Resources */,
				B489170825BACBC70072A71B /* Colors.xcassets in Resources */,
				B4755C8925C026FB007DBEB1 /* Localizable.stringsdict in Resources */,
				B415C7B725B98BDF00FAC7AA /* Preview Assets.xcassets in Resources */,
				B415C7B425B98BDF00FAC7AA /* Assets.xcassets in Resources */,
			);
			runOnlyForDeploymentPostprocessing = 0;
		};
		B4D5524625C195C700D490BF /* Resources */ = {
			isa = PBXResourcesBuildPhase;
			buildActionMask = 2147483647;
			files = (
			);
			runOnlyForDeploymentPostprocessing = 0;
		};
/* End PBXResourcesBuildPhase section */

/* Begin PBXShellScriptBuildPhase section */
		B49E3E4025C0813200A36ED0 /* SwiftLint */ = {
			isa = PBXShellScriptBuildPhase;
			buildActionMask = 2147483647;
			files = (
			);
			inputFileListPaths = (
			);
			inputPaths = (
			);
			name = SwiftLint;
			outputFileListPaths = (
			);
			outputPaths = (
			);
			runOnlyForDeploymentPostprocessing = 0;
			shellPath = /bin/sh;
			shellScript = "# Type a script or drag a script file from your workspace to insert its path.\n#if which swiftlint >/dev/null; then\n # swiftlint\n#else\n # echo \"warning: SwiftLint not installed, download from #https://github.com/realm/SwiftLint\"\n#fi\n";
		};
/* End PBXShellScriptBuildPhase section */

/* Begin PBXSourcesBuildPhase section */
		B415C7A825B98BDD00FAC7AA /* Sources */ = {
			isa = PBXSourcesBuildPhase;
			buildActionMask = 2147483647;
			files = (
				B415C7D025B9A3F600FAC7AA /* ProjectsView.swift in Sources */,
				B4755C9425C03FAA007DBEB1 /* ProjectSummaryView.swift in Sources */,
				B489170525BAC92C0072A71B /* ProjectHeaderView.swift in Sources */,
				B492DADD25BEC19000F3A815 /* AwardsView.swift in Sources */,
				B415C7C125B98F7000FAC7AA /* Main.xcdatamodeld in Sources */,
				B415C7C425B9924500FAC7AA /* DataController.swift in Sources */,
				B492DAE025BECB5D00F3A815 /* Color-Additions.swift in Sources */,
				B489170B25BACF9B0072A71B /* EditProjectView.swift in Sources */,
				B415C7B225B98BDD00FAC7AA /* ContentView.swift in Sources */,
				B489171125BB101C0072A71B /* SelectSomethingView.swift in Sources */,
				B492DADA25BEC0FC00F3A815 /* Award.swift in Sources */,
				B45BD6DA25B9BB5200611FE3 /* ItemRowView.swift in Sources */,
				B415C7CD25B9A37200FAC7AA /* HomeView.swift in Sources */,
				B489170225BAC5A50072A71B /* Binding-OnChange.swift in Sources */,
				B489170E25BB001E0072A71B /* SequenceSorting.swift in Sources */,
				B492DAD425BEBA9200F3A815 /* Bundle-Decodable.swift in Sources */,
				B4755C9125C03EE8007DBEB1 /* ItemListView.swift in Sources */,
				B415C7B025B98BDD00FAC7AA /* UltimatePortfolioApp.swift in Sources */,
				B45BD6D325B9AD4E00611FE3 /* Project-CoreDataHelpers.swift in Sources */,
				B45BD6D025B9ACE500611FE3 /* Item-CoreDataHelpers.swift in Sources */,
				B45BD6D725B9B78300611FE3 /* EditItemView.swift in Sources */,
			);
			runOnlyForDeploymentPostprocessing = 0;
		};
		B4D5524425C195C700D490BF /* Sources */ = {
			isa = PBXSourcesBuildPhase;
			buildActionMask = 2147483647;
			files = (
				B4D5525525C1975500D490BF /* AssetTests.swift in Sources */,
				B4D5525F25C19C3300D490BF /* AwardTest.swift in Sources */,
				B4D5524B25C195C700D490BF /* UltimatePortfolioTests.swift in Sources */,
				B4D5525B25C199A700D490BF /* ProjectTests.swift in Sources */,
			);
			runOnlyForDeploymentPostprocessing = 0;
		};
/* End PBXSourcesBuildPhase section */

/* Begin PBXTargetDependency section */
		B4D5524E25C195C700D490BF /* PBXTargetDependency */ = {
			isa = PBXTargetDependency;
			target = B415C7AB25B98BDD00FAC7AA /* UltimatePortfolio */;
			targetProxy = B4D5524D25C195C700D490BF /* PBXContainerItemProxy */;
		};
/* End PBXTargetDependency section */

/* Begin PBXVariantGroup section */
		B4755C8325C026F5007DBEB1 /* Awards.json */ = {
			isa = PBXVariantGroup;
			children = (
				B4755C8225C026F5007DBEB1 /* en */,
				B4755C8E25C0272E007DBEB1 /* hu */,
			);
			name = Awards.json;
			sourceTree = "<group>";
		};
		B4755C8725C026F8007DBEB1 /* Localizable.strings */ = {
			isa = PBXVariantGroup;
			children = (
				B4755C8625C026F8007DBEB1 /* en */,
				B4755C8D25C0271C007DBEB1 /* hu */,
			);
			name = Localizable.strings;
			sourceTree = "<group>";
		};
		B4755C8B25C026FB007DBEB1 /* Localizable.stringsdict */ = {
			isa = PBXVariantGroup;
			children = (
				B4755C8A25C026FB007DBEB1 /* en */,
				B4755C8C25C026FD007DBEB1 /* hu */,
			);
			name = Localizable.stringsdict;
			sourceTree = "<group>";
		};
/* End PBXVariantGroup section */

/* Begin XCBuildConfiguration section */
		B415C7B925B98BDF00FAC7AA /* Debug */ = {
			isa = XCBuildConfiguration;
			buildSettings = {
				ALWAYS_SEARCH_USER_PATHS = NO;
				CLANG_ANALYZER_NONNULL = YES;
				CLANG_ANALYZER_NUMBER_OBJECT_CONVERSION = YES_AGGRESSIVE;
				CLANG_CXX_LANGUAGE_STANDARD = "gnu++14";
				CLANG_CXX_LIBRARY = "libc++";
				CLANG_ENABLE_MODULES = YES;
				CLANG_ENABLE_OBJC_ARC = YES;
				CLANG_ENABLE_OBJC_WEAK = YES;
				CLANG_WARN_BLOCK_CAPTURE_AUTORELEASING = YES;
				CLANG_WARN_BOOL_CONVERSION = YES;
				CLANG_WARN_COMMA = YES;
				CLANG_WARN_CONSTANT_CONVERSION = YES;
				CLANG_WARN_DEPRECATED_OBJC_IMPLEMENTATIONS = YES;
				CLANG_WARN_DIRECT_OBJC_ISA_USAGE = YES_ERROR;
				CLANG_WARN_DOCUMENTATION_COMMENTS = YES;
				CLANG_WARN_EMPTY_BODY = YES;
				CLANG_WARN_ENUM_CONVERSION = YES;
				CLANG_WARN_INFINITE_RECURSION = YES;
				CLANG_WARN_INT_CONVERSION = YES;
				CLANG_WARN_NON_LITERAL_NULL_CONVERSION = YES;
				CLANG_WARN_OBJC_IMPLICIT_RETAIN_SELF = YES;
				CLANG_WARN_OBJC_LITERAL_CONVERSION = YES;
				CLANG_WARN_OBJC_ROOT_CLASS = YES_ERROR;
				CLANG_WARN_QUOTED_INCLUDE_IN_FRAMEWORK_HEADER = YES;
				CLANG_WARN_RANGE_LOOP_ANALYSIS = YES;
				CLANG_WARN_STRICT_PROTOTYPES = YES;
				CLANG_WARN_SUSPICIOUS_MOVE = YES;
				CLANG_WARN_UNGUARDED_AVAILABILITY = YES_AGGRESSIVE;
				CLANG_WARN_UNREACHABLE_CODE = YES;
				CLANG_WARN__DUPLICATE_METHOD_MATCH = YES;
				COPY_PHASE_STRIP = NO;
				DEBUG_INFORMATION_FORMAT = dwarf;
				ENABLE_STRICT_OBJC_MSGSEND = YES;
				ENABLE_TESTABILITY = YES;
				GCC_C_LANGUAGE_STANDARD = gnu11;
				GCC_DYNAMIC_NO_PIC = NO;
				GCC_NO_COMMON_BLOCKS = YES;
				GCC_OPTIMIZATION_LEVEL = 0;
				GCC_PREPROCESSOR_DEFINITIONS = (
					"DEBUG=1",
					"$(inherited)",
				);
				GCC_WARN_64_TO_32_BIT_CONVERSION = YES;
				GCC_WARN_ABOUT_RETURN_TYPE = YES_ERROR;
				GCC_WARN_UNDECLARED_SELECTOR = YES;
				GCC_WARN_UNINITIALIZED_AUTOS = YES_AGGRESSIVE;
				GCC_WARN_UNUSED_FUNCTION = YES;
				GCC_WARN_UNUSED_VARIABLE = YES;
				IPHONEOS_DEPLOYMENT_TARGET = 14.3;
				MTL_ENABLE_DEBUG_INFO = INCLUDE_SOURCE;
				MTL_FAST_MATH = YES;
				ONLY_ACTIVE_ARCH = YES;
				SDKROOT = iphoneos;
				SWIFT_ACTIVE_COMPILATION_CONDITIONS = DEBUG;
				SWIFT_OPTIMIZATION_LEVEL = "-Onone";
			};
			name = Debug;
		};
		B415C7BA25B98BDF00FAC7AA /* Release */ = {
			isa = XCBuildConfiguration;
			buildSettings = {
				ALWAYS_SEARCH_USER_PATHS = NO;
				CLANG_ANALYZER_NONNULL = YES;
				CLANG_ANALYZER_NUMBER_OBJECT_CONVERSION = YES_AGGRESSIVE;
				CLANG_CXX_LANGUAGE_STANDARD = "gnu++14";
				CLANG_CXX_LIBRARY = "libc++";
				CLANG_ENABLE_MODULES = YES;
				CLANG_ENABLE_OBJC_ARC = YES;
				CLANG_ENABLE_OBJC_WEAK = YES;
				CLANG_WARN_BLOCK_CAPTURE_AUTORELEASING = YES;
				CLANG_WARN_BOOL_CONVERSION = YES;
				CLANG_WARN_COMMA = YES;
				CLANG_WARN_CONSTANT_CONVERSION = YES;
				CLANG_WARN_DEPRECATED_OBJC_IMPLEMENTATIONS = YES;
				CLANG_WARN_DIRECT_OBJC_ISA_USAGE = YES_ERROR;
				CLANG_WARN_DOCUMENTATION_COMMENTS = YES;
				CLANG_WARN_EMPTY_BODY = YES;
				CLANG_WARN_ENUM_CONVERSION = YES;
				CLANG_WARN_INFINITE_RECURSION = YES;
				CLANG_WARN_INT_CONVERSION = YES;
				CLANG_WARN_NON_LITERAL_NULL_CONVERSION = YES;
				CLANG_WARN_OBJC_IMPLICIT_RETAIN_SELF = YES;
				CLANG_WARN_OBJC_LITERAL_CONVERSION = YES;
				CLANG_WARN_OBJC_ROOT_CLASS = YES_ERROR;
				CLANG_WARN_QUOTED_INCLUDE_IN_FRAMEWORK_HEADER = YES;
				CLANG_WARN_RANGE_LOOP_ANALYSIS = YES;
				CLANG_WARN_STRICT_PROTOTYPES = YES;
				CLANG_WARN_SUSPICIOUS_MOVE = YES;
				CLANG_WARN_UNGUARDED_AVAILABILITY = YES_AGGRESSIVE;
				CLANG_WARN_UNREACHABLE_CODE = YES;
				CLANG_WARN__DUPLICATE_METHOD_MATCH = YES;
				COPY_PHASE_STRIP = NO;
				DEBUG_INFORMATION_FORMAT = "dwarf-with-dsym";
				ENABLE_NS_ASSERTIONS = NO;
				ENABLE_STRICT_OBJC_MSGSEND = YES;
				GCC_C_LANGUAGE_STANDARD = gnu11;
				GCC_NO_COMMON_BLOCKS = YES;
				GCC_WARN_64_TO_32_BIT_CONVERSION = YES;
				GCC_WARN_ABOUT_RETURN_TYPE = YES_ERROR;
				GCC_WARN_UNDECLARED_SELECTOR = YES;
				GCC_WARN_UNINITIALIZED_AUTOS = YES_AGGRESSIVE;
				GCC_WARN_UNUSED_FUNCTION = YES;
				GCC_WARN_UNUSED_VARIABLE = YES;
				IPHONEOS_DEPLOYMENT_TARGET = 14.3;
				MTL_ENABLE_DEBUG_INFO = NO;
				MTL_FAST_MATH = YES;
				SDKROOT = iphoneos;
				SWIFT_COMPILATION_MODE = wholemodule;
				SWIFT_OPTIMIZATION_LEVEL = "-O";
				VALIDATE_PRODUCT = YES;
			};
			name = Release;
		};
		B415C7BC25B98BDF00FAC7AA /* Debug */ = {
			isa = XCBuildConfiguration;
			buildSettings = {
				ASSETCATALOG_COMPILER_APPICON_NAME = AppIcon;
				ASSETCATALOG_COMPILER_GLOBAL_ACCENT_COLOR_NAME = AccentColor;
				CODE_SIGN_ENTITLEMENTS = UltimatePortfolio/Configuration/UltimatePortfolio.entitlements;
				CODE_SIGN_STYLE = Automatic;
				DEVELOPMENT_ASSET_PATHS = "\"UltimatePortfolio/Preview Content\"";
				DEVELOPMENT_TEAM = T7M5358433;
				ENABLE_PREVIEWS = YES;
				INFOPLIST_FILE = UltimatePortfolio/Configuration/Info.plist;
				IPHONEOS_DEPLOYMENT_TARGET = 14.0;
				LD_RUNPATH_SEARCH_PATHS = (
					"$(inherited)",
					"@executable_path/Frameworks",
				);
				PRODUCT_BUNDLE_IDENTIFIER = ch.marckramer.UltimatePortfolio;
				PRODUCT_NAME = "$(TARGET_NAME)";
				SWIFT_VERSION = 5.0;
				TARGETED_DEVICE_FAMILY = "1,2";
			};
			name = Debug;
		};
		B415C7BD25B98BDF00FAC7AA /* Release */ = {
			isa = XCBuildConfiguration;
			buildSettings = {
				ASSETCATALOG_COMPILER_APPICON_NAME = AppIcon;
				ASSETCATALOG_COMPILER_GLOBAL_ACCENT_COLOR_NAME = AccentColor;
				CODE_SIGN_ENTITLEMENTS = UltimatePortfolio/Configuration/UltimatePortfolio.entitlements;
				CODE_SIGN_STYLE = Automatic;
				DEVELOPMENT_ASSET_PATHS = "\"UltimatePortfolio/Preview Content\"";
				DEVELOPMENT_TEAM = T7M5358433;
				ENABLE_PREVIEWS = YES;
				INFOPLIST_FILE = UltimatePortfolio/Configuration/Info.plist;
				IPHONEOS_DEPLOYMENT_TARGET = 14.0;
				LD_RUNPATH_SEARCH_PATHS = (
					"$(inherited)",
					"@executable_path/Frameworks",
				);
				PRODUCT_BUNDLE_IDENTIFIER = ch.marckramer.UltimatePortfolio;
				PRODUCT_NAME = "$(TARGET_NAME)";
				SWIFT_VERSION = 5.0;
				TARGETED_DEVICE_FAMILY = "1,2";
			};
			name = Release;
		};
		B4D5525025C195C700D490BF /* Debug */ = {
			isa = XCBuildConfiguration;
			buildSettings = {
				BUNDLE_LOADER = "$(TEST_HOST)";
				CODE_SIGN_STYLE = Automatic;
				DEVELOPMENT_TEAM = T7M5358433;
				INFOPLIST_FILE = UltimatePortfolioTests/Info.plist;
				LD_RUNPATH_SEARCH_PATHS = (
					"$(inherited)",
					"@executable_path/Frameworks",
					"@loader_path/Frameworks",
				);
				PRODUCT_BUNDLE_IDENTIFIER = ch.marckramer.UltimatePortfolioTests;
				PRODUCT_NAME = "$(TARGET_NAME)";
				SWIFT_VERSION = 5.0;
				TARGETED_DEVICE_FAMILY = "1,2";
				TEST_HOST = "$(BUILT_PRODUCTS_DIR)/UltimatePortfolio.app/UltimatePortfolio";
			};
			name = Debug;
		};
		B4D5525125C195C700D490BF /* Release */ = {
			isa = XCBuildConfiguration;
			buildSettings = {
				BUNDLE_LOADER = "$(TEST_HOST)";
				CODE_SIGN_STYLE = Automatic;
				DEVELOPMENT_TEAM = T7M5358433;
				INFOPLIST_FILE = UltimatePortfolioTests/Info.plist;
				LD_RUNPATH_SEARCH_PATHS = (
					"$(inherited)",
					"@executable_path/Frameworks",
					"@loader_path/Frameworks",
				);
				PRODUCT_BUNDLE_IDENTIFIER = ch.marckramer.UltimatePortfolioTests;
				PRODUCT_NAME = "$(TARGET_NAME)";
				SWIFT_VERSION = 5.0;
				TARGETED_DEVICE_FAMILY = "1,2";
				TEST_HOST = "$(BUILT_PRODUCTS_DIR)/UltimatePortfolio.app/UltimatePortfolio";
			};
			name = Release;
		};
/* End XCBuildConfiguration section */

/* Begin XCConfigurationList section */
		B415C7A725B98BDD00FAC7AA /* Build configuration list for PBXProject "UltimatePortfolio" */ = {
			isa = XCConfigurationList;
			buildConfigurations = (
				B415C7B925B98BDF00FAC7AA /* Debug */,
				B415C7BA25B98BDF00FAC7AA /* Release */,
			);
			defaultConfigurationIsVisible = 0;
			defaultConfigurationName = Release;
		};
		B415C7BB25B98BDF00FAC7AA /* Build configuration list for PBXNativeTarget "UltimatePortfolio" */ = {
			isa = XCConfigurationList;
			buildConfigurations = (
				B415C7BC25B98BDF00FAC7AA /* Debug */,
				B415C7BD25B98BDF00FAC7AA /* Release */,
			);
			defaultConfigurationIsVisible = 0;
			defaultConfigurationName = Release;
		};
		B4D5524F25C195C700D490BF /* Build configuration list for PBXNativeTarget "UltimatePortfolioTests" */ = {
			isa = XCConfigurationList;
			buildConfigurations = (
				B4D5525025C195C700D490BF /* Debug */,
				B4D5525125C195C700D490BF /* Release */,
			);
			defaultConfigurationIsVisible = 0;
			defaultConfigurationName = Release;
		};
/* End XCConfigurationList section */

/* Begin XCVersionGroup section */
		B415C7BF25B98F7000FAC7AA /* Main.xcdatamodeld */ = {
			isa = XCVersionGroup;
			children = (
				B415C7C025B98F7000FAC7AA /* Main.xcdatamodel */,
			);
			currentVersion = B415C7C025B98F7000FAC7AA /* Main.xcdatamodel */;
			path = Main.xcdatamodeld;
			sourceTree = "<group>";
			versionGroupType = wrapper.xcdatamodel;
		};
/* End XCVersionGroup section */
	};
	rootObject = B415C7A425B98BDD00FAC7AA /* Project object */;
}
